
Microsoft Visual Studio Solution File, Format Version 12.00
# Visual Studio Version 17
VisualStudioVersion = 17.14.36518.9
MinimumVisualStudioVersion = 10.0.40219.1
Project("{FAE04EC0-301F-11D3-BF4B-00C04F79EFBC}") = "AlertSystem.Worker", "AlertSystem.Worker\AlertSystem.Worker.csproj", "{564326DC-56CC-4961-B8B6-E9CA3707DB64}"
EndProject
Project("{FAE04EC0-301F-11D3-BF4B-00C04F79EFBC}") = "AlertSystem.Entities", "AlertSystem.Entities\AlertSystem.Entities.csproj", "{8A2C31AE-A3BD-4EDE-B95A-A131AE089A00}"
EndProject
Project("{FAE04EC0-301F-11D3-BF4B-00C04F79EFBC}") = "AlertSystem.DataLayer", "AlertSystem.DataLayer\AlertSystem.DataLayer.csproj", "{07B1E1EE-F44A-46A4-A149-D585613CDB34}"
EndProject
Project("{FAE04EC0-301F-11D3-BF4B-00C04F79EFBC}") = "AlertSystem.DataLayer.DB", "AlertSystem.DataLayer.DB\AlertSystem.DataLayer.DB.csproj", "{8DD89ADF-D8D3-4057-80EC-1B6F4464222C}"
EndProject
Project("{FAE04EC0-301F-11D3-BF4B-00C04F79EFBC}") = "AlertSystem.Repository", "AlertSystem.Repository\AlertSystem.Repository.csproj", "{7DEA047C-A090-41F9-A697-8C3E1D6560D4}"
EndProject
Project("{FAE04EC0-301F-11D3-BF4B-00C04F79EFBC}") = "AlertSystem.Service", "AlertSystem.Service\AlertSystem.Service.csproj", "{A49034BF-D169-4004-BFBE-A79881367774}"
EndProject
Project("{FAE04EC0-301F-11D3-BF4B-00C04F79EFBC}") = "AlertSystem.Utils", "AlertSystem.Utils\AlertSystem.Utils.csproj", "{5B6F26E7-B605-4FE7-A4C1-31C6CC71AAF8}"
EndProject
Project("{FAE04EC0-301F-11D3-BF4B-00C04F79EFBC}") = "AlertSystem.API", "AlertSystem.API\AlertSystem.API.csproj", "{BB3EFB72-6516-4FA8-B598-49D74C98E87B}"
EndProject
Project("{FAE04EC0-301F-11D3-BF4B-00C04F79EFBC}") = "AlertSystem.WEB", "AlertSystem.WEB\AlertSystem.WEB.csproj", "{6F2401F2-9F6A-4574-94B2-2AE116C3B1CC}"
EndProject
Project("{FAE04EC0-301F-11D3-BF4B-00C04F79EFBC}") = "AlertSystem.Infrastructure", "AlertSystem.Infrastructure\AlertSystem.Infrastructure.csproj", "{9B465693-0565-4EE8-A91C-38FAD25CC90B}"
EndProject
Project("{FAE04EC0-301F-11D3-BF4B-00C04F79EFBC}") = "AlertSystem.Tests", "AlertSystem.Tests\AlertSystem.Tests.csproj", "{5D70AD43-E47B-41A9-9536-5F13424CE4A2}"
EndProject
Global
	GlobalSection(SolutionConfigurationPlatforms) = preSolution
		Debug|Any CPU = Debug|Any CPU
		Debug|x64 = Debug|x64
		Debug|x86 = Debug|x86
		Release|Any CPU = Release|Any CPU
		Release|x64 = Release|x64
		Release|x86 = Release|x86
	EndGlobalSection
	GlobalSection(ProjectConfigurationPlatforms) = postSolution
		{564326DC-56CC-4961-B8B6-E9CA3707DB64}.Debug|Any CPU.ActiveCfg = Debug|Any CPU
		{564326DC-56CC-4961-B8B6-E9CA3707DB64}.Debug|Any CPU.Build.0 = Debug|Any CPU
		{564326DC-56CC-4961-B8B6-E9CA3707DB64}.Debug|x64.ActiveCfg = Debug|Any CPU
		{564326DC-56CC-4961-B8B6-E9CA3707DB64}.Debug|x64.Build.0 = Debug|Any CPU
		{564326DC-56CC-4961-B8B6-E9CA3707DB64}.Debug|x86.ActiveCfg = Debug|Any CPU
		{564326DC-56CC-4961-B8B6-E9CA3707DB64}.Debug|x86.Build.0 = Debug|Any CPU
		{564326DC-56CC-4961-B8B6-E9CA3707DB64}.Release|Any CPU.ActiveCfg = Release|Any CPU
		{564326DC-56CC-4961-B8B6-E9CA3707DB64}.Release|Any CPU.Build.0 = Release|Any CPU
		{564326DC-56CC-4961-B8B6-E9CA3707DB64}.Release|x64.ActiveCfg = Release|Any CPU
		{564326DC-56CC-4961-B8B6-E9CA3707DB64}.Release|x64.Build.0 = Release|Any CPU
		{564326DC-56CC-4961-B8B6-E9CA3707DB64}.Release|x86.ActiveCfg = Release|Any CPU
		{564326DC-56CC-4961-B8B6-E9CA3707DB64}.Release|x86.Build.0 = Release|Any CPU
		{8A2C31AE-A3BD-4EDE-B95A-A131AE089A00}.Debug|Any CPU.ActiveCfg = Debug|Any CPU
		{8A2C31AE-A3BD-4EDE-B95A-A131AE089A00}.Debug|Any CPU.Build.0 = Debug|Any CPU
		{8A2C31AE-A3BD-4EDE-B95A-A131AE089A00}.Debug|x64.ActiveCfg = Debug|Any CPU
		{8A2C31AE-A3BD-4EDE-B95A-A131AE089A00}.Debug|x64.Build.0 = Debug|Any CPU
		{8A2C31AE-A3BD-4EDE-B95A-A131AE089A00}.Debug|x86.ActiveCfg = Debug|Any CPU
		{8A2C31AE-A3BD-4EDE-B95A-A131AE089A00}.Debug|x86.Build.0 = Debug|Any CPU
		{8A2C31AE-A3BD-4EDE-B95A-A131AE089A00}.Release|Any CPU.ActiveCfg = Release|Any CPU
		{8A2C31AE-A3BD-4EDE-B95A-A131AE089A00}.Release|Any CPU.Build.0 = Release|Any CPU
		{8A2C31AE-A3BD-4EDE-B95A-A131AE089A00}.Release|x64.ActiveCfg = Release|Any CPU
		{8A2C31AE-A3BD-4EDE-B95A-A131AE089A00}.Release|x64.Build.0 = Release|Any CPU
		{8A2C31AE-A3BD-4EDE-B95A-A131AE089A00}.Release|x86.ActiveCfg = Release|Any CPU
		{8A2C31AE-A3BD-4EDE-B95A-A131AE089A00}.Release|x86.Build.0 = Release|Any CPU
		{07B1E1EE-F44A-46A4-A149-D585613CDB34}.Debug|Any CPU.ActiveCfg = Debug|Any CPU
		{07B1E1EE-F44A-46A4-A149-D585613CDB34}.Debug|Any CPU.Build.0 = Debug|Any CPU
		{07B1E1EE-F44A-46A4-A149-D585613CDB34}.Debug|x64.ActiveCfg = Debug|Any CPU
		{07B1E1EE-F44A-46A4-A149-D585613CDB34}.Debug|x64.Build.0 = Debug|Any CPU
		{07B1E1EE-F44A-46A4-A149-D585613CDB34}.Debug|x86.ActiveCfg = Debug|Any CPU
		{07B1E1EE-F44A-46A4-A149-D585613CDB34}.Debug|x86.Build.0 = Debug|Any CPU
		{07B1E1EE-F44A-46A4-A149-D585613CDB34}.Release|Any CPU.ActiveCfg = Release|Any CPU
		{07B1E1EE-F44A-46A4-A149-D585613CDB34}.Release|Any CPU.Build.0 = Release|Any CPU
		{07B1E1EE-F44A-46A4-A149-D585613CDB34}.Release|x64.ActiveCfg = Release|Any CPU
		{07B1E1EE-F44A-46A4-A149-D585613CDB34}.Release|x64.Build.0 = Release|Any CPU
		{07B1E1EE-F44A-46A4-A149-D585613CDB34}.Release|x86.ActiveCfg = Release|Any CPU
		{07B1E1EE-F44A-46A4-A149-D585613CDB34}.Release|x86.Build.0 = Release|Any CPU
		{8DD89ADF-D8D3-4057-80EC-1B6F4464222C}.Debug|Any CPU.ActiveCfg = Debug|Any CPU
		{8DD89ADF-D8D3-4057-80EC-1B6F4464222C}.Debug|Any CPU.Build.0 = Debug|Any CPU
		{8DD89ADF-D8D3-4057-80EC-1B6F4464222C}.Debug|x64.ActiveCfg = Debug|Any CPU
		{8DD89ADF-D8D3-4057-80EC-1B6F4464222C}.Debug|x64.Build.0 = Debug|Any CPU
		{8DD89ADF-D8D3-4057-80EC-1B6F4464222C}.Debug|x86.ActiveCfg = Debug|Any CPU
		{8DD89ADF-D8D3-4057-80EC-1B6F4464222C}.Debug|x86.Build.0 = Debug|Any CPU
		{8DD89ADF-D8D3-4057-80EC-1B6F4464222C}.Release|Any CPU.ActiveCfg = Release|Any CPU
		{8DD89ADF-D8D3-4057-80EC-1B6F4464222C}.Release|Any CPU.Build.0 = Release|Any CPU
		{8DD89ADF-D8D3-4057-80EC-1B6F4464222C}.Release|x64.ActiveCfg = Release|Any CPU
		{8DD89ADF-D8D3-4057-80EC-1B6F4464222C}.Release|x64.Build.0 = Release|Any CPU
		{8DD89ADF-D8D3-4057-80EC-1B6F4464222C}.Release|x86.ActiveCfg = Release|Any CPU
		{8DD89ADF-D8D3-4057-80EC-1B6F4464222C}.Release|x86.Build.0 = Release|Any CPU
		{7DEA047C-A090-41F9-A697-8C3E1D6560D4}.Debug|Any CPU.ActiveCfg = Debug|Any CPU
		{7DEA047C-A090-41F9-A697-8C3E1D6560D4}.Debug|Any CPU.Build.0 = Debug|Any CPU
		{7DEA047C-A090-41F9-A697-8C3E1D6560D4}.Debug|x64.ActiveCfg = Debug|Any CPU
		{7DEA047C-A090-41F9-A697-8C3E1D6560D4}.Debug|x64.Build.0 = Debug|Any CPU
		{7DEA047C-A090-41F9-A697-8C3E1D6560D4}.Debug|x86.ActiveCfg = Debug|Any CPU
		{7DEA047C-A090-41F9-A697-8C3E1D6560D4}.Debug|x86.Build.0 = Debug|Any CPU
		{7DEA047C-A090-41F9-A697-8C3E1D6560D4}.Release|Any CPU.ActiveCfg = Release|Any CPU
		{7DEA047C-A090-41F9-A697-8C3E1D6560D4}.Release|Any CPU.Build.0 = Release|Any CPU
		{7DEA047C-A090-41F9-A697-8C3E1D6560D4}.Release|x64.ActiveCfg = Release|Any CPU
		{7DEA047C-A090-41F9-A697-8C3E1D6560D4}.Release|x64.Build.0 = Release|Any CPU
		{7DEA047C-A090-41F9-A697-8C3E1D6560D4}.Release|x86.ActiveCfg = Release|Any CPU
		{7DEA047C-A090-41F9-A697-8C3E1D6560D4}.Release|x86.Build.0 = Release|Any CPU
		{A49034BF-D169-4004-BFBE-A79881367774}.Debug|Any CPU.ActiveCfg = Debug|Any CPU
		{A49034BF-D169-4004-BFBE-A79881367774}.Debug|Any CPU.Build.0 = Debug|Any CPU
		{A49034BF-D169-4004-BFBE-A79881367774}.Debug|x64.ActiveCfg = Debug|Any CPU
		{A49034BF-D169-4004-BFBE-A79881367774}.Debug|x64.Build.0 = Debug|Any CPU
		{A49034BF-D169-4004-BFBE-A79881367774}.Debug|x86.ActiveCfg = Debug|Any CPU
		{A49034BF-D169-4004-BFBE-A79881367774}.Debug|x86.Build.0 = Debug|Any CPU
		{A49034BF-D169-4004-BFBE-A79881367774}.Release|Any CPU.ActiveCfg = Release|Any CPU
		{A49034BF-D169-4004-BFBE-A79881367774}.Release|Any CPU.Build.0 = Release|Any CPU
		{A49034BF-D169-4004-BFBE-A79881367774}.Release|x64.ActiveCfg = Release|Any CPU
		{A49034BF-D169-4004-BFBE-A79881367774}.Release|x64.Build.0 = Release|Any CPU
		{A49034BF-D169-4004-BFBE-A79881367774}.Release|x86.ActiveCfg = Release|Any CPU
		{A49034BF-D169-4004-BFBE-A79881367774}.Release|x86.Build.0 = Release|Any CPU
		{5B6F26E7-B605-4FE7-A4C1-31C6CC71AAF8}.Debug|Any CPU.ActiveCfg = Debug|Any CPU
		{5B6F26E7-B605-4FE7-A4C1-31C6CC71AAF8}.Debug|Any CPU.Build.0 = Debug|Any CPU
		{5B6F26E7-B605-4FE7-A4C1-31C6CC71AAF8}.Debug|x64.ActiveCfg = Debug|Any CPU
		{5B6F26E7-B605-4FE7-A4C1-31C6CC71AAF8}.Debug|x64.Build.0 = Debug|Any CPU
		{5B6F26E7-B605-4FE7-A4C1-31C6CC71AAF8}.Debug|x86.ActiveCfg = Debug|Any CPU
		{5B6F26E7-B605-4FE7-A4C1-31C6CC71AAF8}.Debug|x86.Build.0 = Debug|Any CPU
		{5B6F26E7-B605-4FE7-A4C1-31C6CC71AAF8}.Release|Any CPU.ActiveCfg = Release|Any CPU
		{5B6F26E7-B605-4FE7-A4C1-31C6CC71AAF8}.Release|Any CPU.Build.0 = Release|Any CPU
		{5B6F26E7-B605-4FE7-A4C1-31C6CC71AAF8}.Release|x64.ActiveCfg = Release|Any CPU
		{5B6F26E7-B605-4FE7-A4C1-31C6CC71AAF8}.Release|x64.Build.0 = Release|Any CPU
		{5B6F26E7-B605-4FE7-A4C1-31C6CC71AAF8}.Release|x86.ActiveCfg = Release|Any CPU
		{5B6F26E7-B605-4FE7-A4C1-31C6CC71AAF8}.Release|x86.Build.0 = Release|Any CPU
		{BB3EFB72-6516-4FA8-B598-49D74C98E87B}.Debug|Any CPU.ActiveCfg = Debug|Any CPU
		{BB3EFB72-6516-4FA8-B598-49D74C98E87B}.Debug|Any CPU.Build.0 = Debug|Any CPU
		{BB3EFB72-6516-4FA8-B598-49D74C98E87B}.Debug|x64.ActiveCfg = Debug|Any CPU
		{BB3EFB72-6516-4FA8-B598-49D74C98E87B}.Debug|x64.Build.0 = Debug|Any CPU
		{BB3EFB72-6516-4FA8-B598-49D74C98E87B}.Debug|x86.ActiveCfg = Debug|Any CPU
		{BB3EFB72-6516-4FA8-B598-49D74C98E87B}.Debug|x86.Build.0 = Debug|Any CPU
		{BB3EFB72-6516-4FA8-B598-49D74C98E87B}.Release|Any CPU.ActiveCfg = Release|Any CPU
		{BB3EFB72-6516-4FA8-B598-49D74C98E87B}.Release|Any CPU.Build.0 = Release|Any CPU
		{BB3EFB72-6516-4FA8-B598-49D74C98E87B}.Release|x64.ActiveCfg = Release|Any CPU
		{BB3EFB72-6516-4FA8-B598-49D74C98E87B}.Release|x64.Build.0 = Release|Any CPU
		{BB3EFB72-6516-4FA8-B598-49D74C98E87B}.Release|x86.ActiveCfg = Release|Any CPU
		{BB3EFB72-6516-4FA8-B598-49D74C98E87B}.Release|x86.Build.0 = Release|Any CPU
		{6F2401F2-9F6A-4574-94B2-2AE116C3B1CC}.Debug|Any CPU.ActiveCfg = Debug|Any CPU
		{6F2401F2-9F6A-4574-94B2-2AE116C3B1CC}.Debug|Any CPU.Build.0 = Debug|Any CPU
		{6F2401F2-9F6A-4574-94B2-2AE116C3B1CC}.Debug|x64.ActiveCfg = Debug|Any CPU
		{6F2401F2-9F6A-4574-94B2-2AE116C3B1CC}.Debug|x64.Build.0 = Debug|Any CPU
		{6F2401F2-9F6A-4574-94B2-2AE116C3B1CC}.Debug|x86.ActiveCfg = Debug|Any CPU
		{6F2401F2-9F6A-4574-94B2-2AE116C3B1CC}.Debug|x86.Build.0 = Debug|Any CPU
		{6F2401F2-9F6A-4574-94B2-2AE116C3B1CC}.Release|Any CPU.ActiveCfg = Release|Any CPU
		{6F2401F2-9F6A-4574-94B2-2AE116C3B1CC}.Release|Any CPU.Build.0 = Release|Any CPU
		{6F2401F2-9F6A-4574-94B2-2AE116C3B1CC}.Release|x64.ActiveCfg = Release|Any CPU
		{6F2401F2-9F6A-4574-94B2-2AE116C3B1CC}.Release|x64.Build.0 = Release|Any CPU
		{6F2401F2-9F6A-4574-94B2-2AE116C3B1CC}.Release|x86.ActiveCfg = Release|Any CPU
		{6F2401F2-9F6A-4574-94B2-2AE116C3B1CC}.Release|x86.Build.0 = Release|Any CPU
		{9B465693-0565-4EE8-A91C-38FAD25CC90B}.Debug|Any CPU.ActiveCfg = Debug|Any CPU
		{9B465693-0565-4EE8-A91C-38FAD25CC90B}.Debug|Any CPU.Build.0 = Debug|Any CPU
		{9B465693-0565-4EE8-A91C-38FAD25CC90B}.Debug|x64.ActiveCfg = Debug|Any CPU
		{9B465693-0565-4EE8-A91C-38FAD25CC90B}.Debug|x64.Build.0 = Debug|Any CPU
		{9B465693-0565-4EE8-A91C-38FAD25CC90B}.Debug|x86.ActiveCfg = Debug|Any CPU
		{9B465693-0565-4EE8-A91C-38FAD25CC90B}.Debug|x86.Build.0 = Debug|Any CPU
		{9B465693-0565-4EE8-A91C-38FAD25CC90B}.Release|Any CPU.ActiveCfg = Release|Any CPU
		{9B465693-0565-4EE8-A91C-38FAD25CC90B}.Release|Any CPU.Build.0 = Release|Any CPU
		{9B465693-0565-4EE8-A91C-38FAD25CC90B}.Release|x64.ActiveCfg = Release|Any CPU
		{9B465693-0565-4EE8-A91C-38FAD25CC90B}.Release|x64.Build.0 = Release|Any CPU
		{9B465693-0565-4EE8-A91C-38FAD25CC90B}.Release|x86.ActiveCfg = Release|Any CPU
		{9B465693-0565-4EE8-A91C-38FAD25CC90B}.Release|x86.Build.0 = Release|Any CPU
		{5D70AD43-E47B-41A9-9536-5F13424CE4A2}.Debug|Any CPU.ActiveCfg = Debug|Any CPU
		{5D70AD43-E47B-41A9-9536-5F13424CE4A2}.Debug|Any CPU.Build.0 = Debug|Any CPU
		{5D70AD43-E47B-41A9-9536-5F13424CE4A2}.Debug|x64.ActiveCfg = Debug|Any CPU
		{5D70AD43-E47B-41A9-9536-5F13424CE4A2}.Debug|x64.Build.0 = Debug|Any CPU
		{5D70AD43-E47B-41A9-9536-5F13424CE4A2}.Debug|x86.ActiveCfg = Debug|Any CPU
		{5D70AD43-E47B-41A9-9536-5F13424CE4A2}.Debug|x86.Build.0 = Debug|Any CPU
		{5D70AD43-E47B-41A9-9536-5F13424CE4A2}.Release|Any CPU.ActiveCfg = Release|Any CPU
		{5D70AD43-E47B-41A9-9536-5F13424CE4A2}.Release|Any CPU.Build.0 = Release|Any CPU
		{5D70AD43-E47B-41A9-9536-5F13424CE4A2}.Release|x64.ActiveCfg = Release|Any CPU
		{5D70AD43-E47B-41A9-9536-5F13424CE4A2}.Release|x64.Build.0 = Release|Any CPU
		{5D70AD43-E47B-41A9-9536-5F13424CE4A2}.Release|x86.ActiveCfg = Release|Any CPU
		{5D70AD43-E47B-41A9-9536-5F13424CE4A2}.Release|x86.Build.0 = Release|Any CPU
	EndGlobalSection
	GlobalSection(SolutionProperties) = preSolution
		HideSolutionNode = FALSE
	EndGlobalSection
	GlobalSection(ExtensibilityGlobals) = postSolution
		SolutionGuid = {345C7A7D-D21E-4C59-A526-827F05DD077B}
	EndGlobalSection
EndGlobal
